
Microsoft Visual Studio Solution File, Format Version 12.00
# Visual Studio Version 16
VisualStudioVersion = 16.0.30907.101
MinimumVisualStudioVersion = 10.0.40219.1
Project("{FAE04EC0-301F-11D3-BF4B-00C04F79EFBC}") = "ServerSide", "ServerSide\ServerSide.csproj", "{89EE0F2C-C62B-4ECA-B0D7-4156D28D0237}"
EndProject
Global
	GlobalSection(SolutionConfigurationPlatforms) = preSolution
		Debug|Any CPU = Debug|Any CPU
		Release|Any CPU = Release|Any CPU
	EndGlobalSection
	GlobalSection(ProjectConfigurationPlatforms) = postSolution
		{89EE0F2C-C62B-4ECA-B0D7-4156D28D0237}.Debug|Any CPU.ActiveCfg = Debug|Any CPU
		{89EE0F2C-C62B-4ECA-B0D7-4156D28D0237}.Debug|Any CPU.Build.0 = Debug|Any CPU
		{89EE0F2C-C62B-4ECA-B0D7-4156D28D0237}.Release|Any CPU.ActiveCfg = Release|Any CPU
		{89EE0F2C-C62B-4ECA-B0D7-4156D28D0237}.Release|Any CPU.Build.0 = Release|Any CPU
	EndGlobalSection
	GlobalSection(SolutionProperties) = preSolution
		HideSolutionNode = FALSE
	EndGlobalSection
	GlobalSection(ExtensibilityGlobals) = postSolution
		SolutionGuid = {82D02B7E-0AC3-48D9-A8E2-D720595CE0E6}
	EndGlobalSection
EndGlobal
